
Microsoft Visual Studio Solution File, Format Version 12.00
# Visual Studio 15
VisualStudioVersion = 15.0.28307.539
MinimumVisualStudioVersion = 10.0.40219.1
Project("{9092AA53-FB77-4645-B42D-1CCCA6BD08BD}") = "cogito", "cogito\cogito.njsproj", "{15B3A97B-56DC-4317-8C42-1DEFBC8869EE}"
EndProject
Global
	GlobalSection(SolutionConfigurationPlatforms) = preSolution
		Debug|Any CPU = Debug|Any CPU
		Release|Any CPU = Release|Any CPU
	EndGlobalSection
	GlobalSection(ProjectConfigurationPlatforms) = postSolution
		{15B3A97B-56DC-4317-8C42-1DEFBC8869EE}.Debug|Any CPU.ActiveCfg = Debug|Any CPU
		{15B3A97B-56DC-4317-8C42-1DEFBC8869EE}.Debug|Any CPU.Build.0 = Debug|Any CPU
		{15B3A97B-56DC-4317-8C42-1DEFBC8869EE}.Release|Any CPU.ActiveCfg = Release|Any CPU
		{15B3A97B-56DC-4317-8C42-1DEFBC8869EE}.Release|Any CPU.Build.0 = Release|Any CPU
	EndGlobalSection
	GlobalSection(SolutionProperties) = preSolution
		HideSolutionNode = FALSE
	EndGlobalSection
	GlobalSection(ExtensibilityGlobals) = postSolution
		SolutionGuid = {8B5F472C-DCD0-4064-8FB2-6A022F137EA6}
	EndGlobalSection
EndGlobal
